
Microsoft Visual Studio Solution File, Format Version 12.00
# Visual Studio Version 17
VisualStudioVersion = 17.9.34701.34
MinimumVisualStudioVersion = 10.0.40219.1
Project("{FAE04EC0-301F-11D3-BF4B-00C04F79EFBC}") = "TiendaPC.Android", "TiendaPC.Android\TiendaPC.Android.csproj", "{AE6E3A0F-9946-401D-BADB-90C4CB250412}"
EndProject
Project("{FAE04EC0-301F-11D3-BF4B-00C04F79EFBC}") = "TiendaPC", "TiendaPC\TiendaPC.csproj", "{2C944FDA-89CE-40A0-8461-D5EF125F50E1}"
EndProject
Global
	GlobalSection(SolutionConfigurationPlatforms) = preSolution
		Debug|Any CPU = Debug|Any CPU
		Release|Any CPU = Release|Any CPU
	EndGlobalSection
	GlobalSection(ProjectConfigurationPlatforms) = postSolution
		{AE6E3A0F-9946-401D-BADB-90C4CB250412}.Debug|Any CPU.ActiveCfg = Debug|Any CPU
		{AE6E3A0F-9946-401D-BADB-90C4CB250412}.Debug|Any CPU.Build.0 = Debug|Any CPU
		{AE6E3A0F-9946-401D-BADB-90C4CB250412}.Debug|Any CPU.Deploy.0 = Debug|Any CPU
		{AE6E3A0F-9946-401D-BADB-90C4CB250412}.Release|Any CPU.ActiveCfg = Release|Any CPU
		{AE6E3A0F-9946-401D-BADB-90C4CB250412}.Release|Any CPU.Build.0 = Release|Any CPU
		{AE6E3A0F-9946-401D-BADB-90C4CB250412}.Release|Any CPU.Deploy.0 = Release|Any CPU
		{2C944FDA-89CE-40A0-8461-D5EF125F50E1}.Debug|Any CPU.ActiveCfg = Debug|Any CPU
		{2C944FDA-89CE-40A0-8461-D5EF125F50E1}.Debug|Any CPU.Build.0 = Debug|Any CPU
		{2C944FDA-89CE-40A0-8461-D5EF125F50E1}.Debug|Any CPU.Deploy.0 = Debug|Any CPU
		{2C944FDA-89CE-40A0-8461-D5EF125F50E1}.Release|Any CPU.ActiveCfg = Release|Any CPU
		{2C944FDA-89CE-40A0-8461-D5EF125F50E1}.Release|Any CPU.Build.0 = Release|Any CPU
		{2C944FDA-89CE-40A0-8461-D5EF125F50E1}.Release|Any CPU.Deploy.0 = Release|Any CPU
	EndGlobalSection
	GlobalSection(SolutionProperties) = preSolution
		HideSolutionNode = FALSE
	EndGlobalSection
	GlobalSection(ExtensibilityGlobals) = postSolution
		SolutionGuid = {2AB9B107-0490-423C-A4EE-B4E33CBC6216}
	EndGlobalSection
EndGlobal
